Microsoft Visual Studio Solution File, Format Version 12.00
# Visual Studio Version 17
VisualStudioVersion = 17.5.2.0
MinimumVisualStudioVersion = 10.0.40219.1
Project("{FAE04EC0-301F-11D3-BF4B-00C04F79EFBC}") = "modell", "modell.csproj", "{809A47AF-E63E-ADCF-2410-86898F42CDBB}"
EndProject
Global
	GlobalSection(SolutionConfigurationPlatforms) = preSolution
		Debug|Any CPU = Debug|Any CPU
		Release|Any CPU = Release|Any CPU
	EndGlobalSection
	GlobalSection(ProjectConfigurationPlatforms) = postSolution
		{809A47AF-E63E-ADCF-2410-86898F42CDBB}.Debug|Any CPU.ActiveCfg = Debug|Any CPU
		{809A47AF-E63E-ADCF-2410-86898F42CDBB}.Debug|Any CPU.Build.0 = Debug|Any CPU
		{809A47AF-E63E-ADCF-2410-86898F42CDBB}.Release|Any CPU.ActiveCfg = Release|Any CPU
		{809A47AF-E63E-ADCF-2410-86898F42CDBB}.Release|Any CPU.Build.0 = Release|Any CPU
	EndGlobalSection
	GlobalSection(SolutionProperties) = preSolution
		HideSolutionNode = FALSE
	EndGlobalSection
	GlobalSection(ExtensibilityGlobals) = postSolution
		SolutionGuid = {57B9C6B5-F808-4D23-BB9E-6BE1596DE5FA}
	EndGlobalSection
EndGlobal
